
Microsoft Visual Studio Solution File, Format Version 12.00
# Visual Studio Version 17
VisualStudioVersion = 17.14.36811.4 d17.14
MinimumVisualStudioVersion = 10.0.40219.1
Project("{FAE04EC0-301F-11D3-BF4B-00C04F79EFBC}") = "GarageSpace.NotificationService.Worker", "src\GarageSpace.NotificationService.Worker\GarageSpace.NotificationService.Worker.csproj", "{E0AD185D-6B8D-4110-81BA-5FC4F745AAA7}"
EndProject
Project("{FAE04EC0-301F-11D3-BF4B-00C04F79EFBC}") = "GarageSpace.NotificationService.IntegrationTests", "Tests\GarageSpace.NotificationService.IntegrationTests\GarageSpace.NotificationService.IntegrationTests.csproj", "{A1B2C3D4-E5F6-7890-ABCD-EF1234567890}"
EndProject
Project("{FAE04EC0-301F-11D3-BF4B-00C04F79EFBC}") = "GarageSpace.NotificationService.Templates", "src\GarageSpace.NotificationService.Templates\GarageSpace.NotificationService.Templates.csproj", "{B2C3D4E5-F6A7-8901-BCDE-F12345678901}"
EndProject
Project("{2150E333-8FDC-42A3-9474-1A3956D46DE8}") = "Tests", "Tests", "{55F07DD1-ACE0-41EC-B841-404557A28D60}"
EndProject
Project("{FAE04EC0-301F-11D3-BF4B-00C04F79EFBC}") = "GarageSpace.NotificationService.UnitTests", "Tests\GarageSpace.NotificationService.UnitTests\GarageSpace.NotificationService.UnitTests.csproj", "{B4C6D8EB-DC3A-4656-841B-C9B8CED4093C}"
EndProject
Project("{FAE04EC0-301F-11D3-BF4B-00C04F79EFBC}") = "GarageSpace.NotificationService.Domain", "src\GarageSpace.NotificationService.Domain\GarageSpace.NotificationService.Domain.csproj", "{F1B2EB48-9EB4-4C8D-A0B4-A39135AA9F33}"
EndProject
Project("{FAE04EC0-301F-11D3-BF4B-00C04F79EFBC}") = "GarageSpace.NotificationService.Application", "src\GarageSpace.NotificationService.Application\GarageSpace.NotificationService.Application.csproj", "{21D9E5DF-4068-49F6-9A76-2E0BA0FAAD72}"
EndProject
Project("{FAE04EC0-301F-11D3-BF4B-00C04F79EFBC}") = "GarageSpace.NotificationService.Infrastructure", "src\GarageSpace.NotificationService.Infrastructure\GarageSpace.NotificationService.Infrastructure.csproj", "{3747D8B7-225B-4BAB-94EA-6C5306B5C2B5}"
EndProject
Global
	GlobalSection(SolutionConfigurationPlatforms) = preSolution
		Debug|Any CPU = Debug|Any CPU
		Debug|x64 = Debug|x64
		Debug|x86 = Debug|x86
		Release|Any CPU = Release|Any CPU
		Release|x64 = Release|x64
		Release|x86 = Release|x86
	EndGlobalSection
	GlobalSection(ProjectConfigurationPlatforms) = postSolution
		{E0AD185D-6B8D-4110-81BA-5FC4F745AAA7}.Debug|Any CPU.ActiveCfg = Debug|Any CPU
		{E0AD185D-6B8D-4110-81BA-5FC4F745AAA7}.Debug|Any CPU.Build.0 = Debug|Any CPU
		{E0AD185D-6B8D-4110-81BA-5FC4F745AAA7}.Debug|x64.ActiveCfg = Debug|Any CPU
		{E0AD185D-6B8D-4110-81BA-5FC4F745AAA7}.Debug|x64.Build.0 = Debug|Any CPU
		{E0AD185D-6B8D-4110-81BA-5FC4F745AAA7}.Debug|x86.ActiveCfg = Debug|Any CPU
		{E0AD185D-6B8D-4110-81BA-5FC4F745AAA7}.Debug|x86.Build.0 = Debug|Any CPU
		{E0AD185D-6B8D-4110-81BA-5FC4F745AAA7}.Release|Any CPU.ActiveCfg = Release|Any CPU
		{E0AD185D-6B8D-4110-81BA-5FC4F745AAA7}.Release|Any CPU.Build.0 = Release|Any CPU
		{E0AD185D-6B8D-4110-81BA-5FC4F745AAA7}.Release|x64.ActiveCfg = Release|Any CPU
		{E0AD185D-6B8D-4110-81BA-5FC4F745AAA7}.Release|x64.Build.0 = Release|Any CPU
		{E0AD185D-6B8D-4110-81BA-5FC4F745AAA7}.Release|x86.ActiveCfg = Release|Any CPU
		{E0AD185D-6B8D-4110-81BA-5FC4F745AAA7}.Release|x86.Build.0 = Release|Any CPU
		{A1B2C3D4-E5F6-7890-ABCD-EF1234567890}.Debug|Any CPU.ActiveCfg = Debug|Any CPU
		{A1B2C3D4-E5F6-7890-ABCD-EF1234567890}.Debug|Any CPU.Build.0 = Debug|Any CPU
		{A1B2C3D4-E5F6-7890-ABCD-EF1234567890}.Debug|x64.ActiveCfg = Debug|Any CPU
		{A1B2C3D4-E5F6-7890-ABCD-EF1234567890}.Debug|x64.Build.0 = Debug|Any CPU
		{A1B2C3D4-E5F6-7890-ABCD-EF1234567890}.Debug|x86.ActiveCfg = Debug|Any CPU
		{A1B2C3D4-E5F6-7890-ABCD-EF1234567890}.Debug|x86.Build.0 = Debug|Any CPU
		{A1B2C3D4-E5F6-7890-ABCD-EF1234567890}.Release|Any CPU.ActiveCfg = Release|Any CPU
		{A1B2C3D4-E5F6-7890-ABCD-EF1234567890}.Release|Any CPU.Build.0 = Release|Any CPU
		{A1B2C3D4-E5F6-7890-ABCD-EF1234567890}.Release|x64.ActiveCfg = Release|Any CPU
		{A1B2C3D4-E5F6-7890-ABCD-EF1234567890}.Release|x64.Build.0 = Release|Any CPU
		{A1B2C3D4-E5F6-7890-ABCD-EF1234567890}.Release|x86.ActiveCfg = Release|Any CPU
		{A1B2C3D4-E5F6-7890-ABCD-EF1234567890}.Release|x86.Build.0 = Release|Any CPU
		{B2C3D4E5-F6A7-8901-BCDE-F12345678901}.Debug|Any CPU.ActiveCfg = Debug|Any CPU
		{B2C3D4E5-F6A7-8901-BCDE-F12345678901}.Debug|Any CPU.Build.0 = Debug|Any CPU
		{B2C3D4E5-F6A7-8901-BCDE-F12345678901}.Debug|x64.ActiveCfg = Debug|Any CPU
		{B2C3D4E5-F6A7-8901-BCDE-F12345678901}.Debug|x64.Build.0 = Debug|Any CPU
		{B2C3D4E5-F6A7-8901-BCDE-F12345678901}.Debug|x86.ActiveCfg = Debug|Any CPU
		{B2C3D4E5-F6A7-8901-BCDE-F12345678901}.Debug|x86.Build.0 = Debug|Any CPU
		{B2C3D4E5-F6A7-8901-BCDE-F12345678901}.Release|Any CPU.ActiveCfg = Release|Any CPU
		{B2C3D4E5-F6A7-8901-BCDE-F12345678901}.Release|Any CPU.Build.0 = Release|Any CPU
		{B2C3D4E5-F6A7-8901-BCDE-F12345678901}.Release|x64.ActiveCfg = Release|Any CPU
		{B2C3D4E5-F6A7-8901-BCDE-F12345678901}.Release|x64.Build.0 = Release|Any CPU
		{B2C3D4E5-F6A7-8901-BCDE-F12345678901}.Release|x86.ActiveCfg = Release|Any CPU
		{B2C3D4E5-F6A7-8901-BCDE-F12345678901}.Release|x86.Build.0 = Release|Any CPU
		{B4C6D8EB-DC3A-4656-841B-C9B8CED4093C}.Debug|Any CPU.ActiveCfg = Debug|Any CPU
		{B4C6D8EB-DC3A-4656-841B-C9B8CED4093C}.Debug|Any CPU.Build.0 = Debug|Any CPU
		{B4C6D8EB-DC3A-4656-841B-C9B8CED4093C}.Debug|x64.ActiveCfg = Debug|Any CPU
		{B4C6D8EB-DC3A-4656-841B-C9B8CED4093C}.Debug|x64.Build.0 = Debug|Any CPU
		{B4C6D8EB-DC3A-4656-841B-C9B8CED4093C}.Debug|x86.ActiveCfg = Debug|Any CPU
		{B4C6D8EB-DC3A-4656-841B-C9B8CED4093C}.Debug|x86.Build.0 = Debug|Any CPU
		{B4C6D8EB-DC3A-4656-841B-C9B8CED4093C}.Release|Any CPU.ActiveCfg = Release|Any CPU
		{B4C6D8EB-DC3A-4656-841B-C9B8CED4093C}.Release|Any CPU.Build.0 = Release|Any CPU
		{B4C6D8EB-DC3A-4656-841B-C9B8CED4093C}.Release|x64.ActiveCfg = Release|Any CPU
		{B4C6D8EB-DC3A-4656-841B-C9B8CED4093C}.Release|x64.Build.0 = Release|Any CPU
		{B4C6D8EB-DC3A-4656-841B-C9B8CED4093C}.Release|x86.ActiveCfg = Release|Any CPU
		{B4C6D8EB-DC3A-4656-841B-C9B8CED4093C}.Release|x86.Build.0 = Release|Any CPU
		{F1B2EB48-9EB4-4C8D-A0B4-A39135AA9F33}.Debug|Any CPU.ActiveCfg = Debug|Any CPU
		{F1B2EB48-9EB4-4C8D-A0B4-A39135AA9F33}.Debug|Any CPU.Build.0 = Debug|Any CPU
		{F1B2EB48-9EB4-4C8D-A0B4-A39135AA9F33}.Debug|x64.ActiveCfg = Debug|Any CPU
		{F1B2EB48-9EB4-4C8D-A0B4-A39135AA9F33}.Debug|x64.Build.0 = Debug|Any CPU
		{F1B2EB48-9EB4-4C8D-A0B4-A39135AA9F33}.Debug|x86.ActiveCfg = Debug|Any CPU
		{F1B2EB48-9EB4-4C8D-A0B4-A39135AA9F33}.Debug|x86.Build.0 = Debug|Any CPU
		{F1B2EB48-9EB4-4C8D-A0B4-A39135AA9F33}.Release|Any CPU.ActiveCfg = Release|Any CPU
		{F1B2EB48-9EB4-4C8D-A0B4-A39135AA9F33}.Release|Any CPU.Build.0 = Release|Any CPU
		{F1B2EB48-9EB4-4C8D-A0B4-A39135AA9F33}.Release|x64.ActiveCfg = Release|Any CPU
		{F1B2EB48-9EB4-4C8D-A0B4-A39135AA9F33}.Release|x64.Build.0 = Release|Any CPU
		{F1B2EB48-9EB4-4C8D-A0B4-A39135AA9F33}.Release|x86.ActiveCfg = Release|Any CPU
		{F1B2EB48-9EB4-4C8D-A0B4-A39135AA9F33}.Release|x86.Build.0 = Release|Any CPU
		{21D9E5DF-4068-49F6-9A76-2E0BA0FAAD72}.Debug|Any CPU.ActiveCfg = Debug|Any CPU
		{21D9E5DF-4068-49F6-9A76-2E0BA0FAAD72}.Debug|Any CPU.Build.0 = Debug|Any CPU
		{21D9E5DF-4068-49F6-9A76-2E0BA0FAAD72}.Debug|x64.ActiveCfg = Debug|Any CPU
		{21D9E5DF-4068-49F6-9A76-2E0BA0FAAD72}.Debug|x64.Build.0 = Debug|Any CPU
		{21D9E5DF-4068-49F6-9A76-2E0BA0FAAD72}.Debug|x86.ActiveCfg = Debug|Any CPU
		{21D9E5DF-4068-49F6-9A76-2E0BA0FAAD72}.Debug|x86.Build.0 = Debug|Any CPU
		{21D9E5DF-4068-49F6-9A76-2E0BA0FAAD72}.Release|Any CPU.ActiveCfg = Release|Any CPU
		{21D9E5DF-4068-49F6-9A76-2E0BA0FAAD72}.Release|Any CPU.Build.0 = Release|Any CPU
		{21D9E5DF-4068-49F6-9A76-2E0BA0FAAD72}.Release|x64.ActiveCfg = Release|Any CPU
		{21D9E5DF-4068-49F6-9A76-2E0BA0FAAD72}.Release|x64.Build.0 = Release|Any CPU
		{21D9E5DF-4068-49F6-9A76-2E0BA0FAAD72}.Release|x86.ActiveCfg = Release|Any CPU
		{21D9E5DF-4068-49F6-9A76-2E0BA0FAAD72}.Release|x86.Build.0 = Release|Any CPU
		{3747D8B7-225B-4BAB-94EA-6C5306B5C2B5}.Debug|Any CPU.ActiveCfg = Debug|Any CPU
		{3747D8B7-225B-4BAB-94EA-6C5306B5C2B5}.Debug|Any CPU.Build.0 = Debug|Any CPU
		{3747D8B7-225B-4BAB-94EA-6C5306B5C2B5}.Debug|x64.ActiveCfg = Debug|Any CPU
		{3747D8B7-225B-4BAB-94EA-6C5306B5C2B5}.Debug|x64.Build.0 = Debug|Any CPU
		{3747D8B7-225B-4BAB-94EA-6C5306B5C2B5}.Debug|x86.ActiveCfg = Debug|Any CPU
		{3747D8B7-225B-4BAB-94EA-6C5306B5C2B5}.Debug|x86.Build.0 = Debug|Any CPU
		{3747D8B7-225B-4BAB-94EA-6C5306B5C2B5}.Release|Any CPU.ActiveCfg = Release|Any CPU
		{3747D8B7-225B-4BAB-94EA-6C5306B5C2B5}.Release|Any CPU.Build.0 = Release|Any CPU
		{3747D8B7-225B-4BAB-94EA-6C5306B5C2B5}.Release|x64.ActiveCfg = Release|Any CPU
		{3747D8B7-225B-4BAB-94EA-6C5306B5C2B5}.Release|x64.Build.0 = Release|Any CPU
		{3747D8B7-225B-4BAB-94EA-6C5306B5C2B5}.Release|x86.ActiveCfg = Release|Any CPU
		{3747D8B7-225B-4BAB-94EA-6C5306B5C2B5}.Release|x86.Build.0 = Release|Any CPU
	EndGlobalSection
	GlobalSection(SolutionProperties) = preSolution
		HideSolutionNode = FALSE
	EndGlobalSection
	GlobalSection(NestedProjects) = preSolution
		{A1B2C3D4-E5F6-7890-ABCD-EF1234567890} = {55F07DD1-ACE0-41EC-B841-404557A28D60}
		{B4C6D8EB-DC3A-4656-841B-C9B8CED4093C} = {55F07DD1-ACE0-41EC-B841-404557A28D60}
	EndGlobalSection
	GlobalSection(ExtensibilityGlobals) = postSolution
		SolutionGuid = {A632A7D1-E17D-4974-9DA5-A33D667BC7DB}
	EndGlobalSection
EndGlobal
